// !$*UTF8*$!
{
	archiveVersion = 1;
	classes = {
	};
	objectVersion = 56;
	objects = {

/* Begin PBXBuildFile section */
		A3CEE5B92B27894D0005A134 /* AffirmAppApp.swift in Sources */ = {isa = PBXBuildFile; fileRef = A3CEE5B82B27894D0005A134 /* AffirmAppApp.swift */; };
		A3CEE5BB2B27894D0005A134 /* ContentView.swift in Sources */ = {isa = PBXBuildFile; fileRef = A3CEE5BA2B27894D0005A134 /* ContentView.swift */; };
		A3CEE5BD2B27894E0005A134 /* Assets.xcassets in Resources */ = {isa = PBXBuildFile; fileRef = A3CEE5BC2B27894E0005A134 /* Assets.xcassets */; };
		A3CEE5C02B27894E0005A134 /* Preview Assets.xcassets in Resources */ = {isa = PBXBuildFile; fileRef = A3CEE5BF2B27894E0005A134 /* Preview Assets.xcassets */; };
		A3CEE5C22B27894E0005A134 /* Persistence.swift in Sources */ = {isa = PBXBuildFile; fileRef = A3CEE5C12B27894E0005A134 /* Persistence.swift */; };
		A3CEE5C52B27894E0005A134 /* AffirmApp.xcdatamodeld in Sources */ = {isa = PBXBuildFile; fileRef = A3CEE5C32B27894E0005A134 /* AffirmApp.xcdatamodeld */; };
		A3CEE5CF2B27894E0005A134 /* AffirmAppTests.swift in Sources */ = {isa = PBXBuildFile; fileRef = A3CEE5CE2B27894E0005A134 /* AffirmAppTests.swift */; };
		A3CEE5D92B27894E0005A134 /* AffirmAppUITests.swift in Sources */ = {isa = PBXBuildFile; fileRef = A3CEE5D82B27894E0005A134 /* AffirmAppUITests.swift */; };
		A3CEE5DB2B27894E0005A134 /* AffirmAppUITestsLaunchTests.swift in Sources */ = {isa = PBXBuildFile; fileRef = A3CEE5DA2B27894E0005A134 /* AffirmAppUITestsLaunchTests.swift */; };
		A3CEE5EB2B27921F0005A134 /* AffirmationModel.swift in Sources */ = {isa = PBXBuildFile; fileRef = A3CEE5EA2B27921F0005A134 /* AffirmationModel.swift */; };
/* End PBXBuildFile section */

/* Begin PBXContainerItemProxy section */
		A3CEE5CB2B27894E0005A134 /* PBXContainerItemProxy */ = {
			isa = PBXContainerItemProxy;
			containerPortal = A3CEE5AD2B27894D0005A134 /* Project object */;
			proxyType = 1;
			remoteGlobalIDString = A3CEE5B42B27894D0005A134;
			remoteInfo = AffirmApp;
		};
		A3CEE5D52B27894E0005A134 /* PBXContainerItemProxy */ = {
			isa = PBXContainerItemProxy;
			containerPortal = A3CEE5AD2B27894D0005A134 /* Project object */;
			proxyType = 1;
			remoteGlobalIDString = A3CEE5B42B27894D0005A134;
			remoteInfo = AffirmApp;
		};
/* End PBXContainerItemProxy section */

/* Begin PBXFileReference section */
		A3CEE5B52B27894D0005A134 /* AffirmApp.app */ = {isa = PBXFileReference; explicitFileType = wrapper.application; includeInIndex = 0; path = AffirmApp.app; sourceTree = BUILT_PRODUCTS_DIR; };
		A3CEE5B82B27894D0005A134 /* AffirmAppApp.swift */ = {isa = PBXFileReference; lastKnownFileType = sourcecode.swift; path = AffirmAppApp.swift; sourceTree = "<group>"; };
		A3CEE5BA2B27894D0005A134 /* ContentView.swift */ = {isa = PBXFileReference; lastKnownFileType = sourcecode.swift; path = ContentView.swift; sourceTree = "<group>"; };
		A3CEE5BC2B27894E0005A134 /* Assets.xcassets */ = {isa = PBXFileReference; lastKnownFileType = folder.assetcatalog; path = Assets.xcassets; sourceTree = "<group>"; };
		A3CEE5BF2B27894E0005A134 /* Preview Assets.xcassets */ = {isa = PBXFileReference; lastKnownFileType = folder.assetcatalog; path = "Preview Assets.xcassets"; sourceTree = "<group>"; };
		A3CEE5C12B27894E0005A134 /* Persistence.swift */ = {isa = PBXFileReference; lastKnownFileType = sourcecode.swift; path = Persistence.swift; sourceTree = "<group>"; };
		A3CEE5C42B27894E0005A134 /* AffirmApp.xcdatamodel */ = {isa = PBXFileReference; lastKnownFileType = wrapper.xcdatamodel; path = AffirmApp.xcdatamodel; sourceTree = "<group>"; };
		A3CEE5CA2B27894E0005A134 /* AffirmAppTests.xctest */ = {isa = PBXFileReference; explicitFileType = wrapper.cfbundle; includeInIndex = 0; path = AffirmAppTests.xctest; sourceTree = BUILT_PRODUCTS_DIR; };
		A3CEE5CE2B27894E0005A134 /* AffirmAppTests.swift */ = {isa = PBXFileReference; lastKnownFileType = sourcecode.swift; path = AffirmAppTests.swift; sourceTree = "<group>"; };
		A3CEE5D42B27894E0005A134 /* AffirmAppUITests.xctest */ = {isa = PBXFileReference; explicitFileType = wrapper.cfbundle; includeInIndex = 0; path = AffirmAppUITests.xctest; sourceTree = BUILT_PRODUCTS_DIR; };
		A3CEE5D82B27894E0005A134 /* AffirmAppUITests.swift */ = {isa = PBXFileReference; lastKnownFileType = sourcecode.swift; path = AffirmAppUITests.swift; sourceTree = "<group>"; };
		A3CEE5DA2B27894E0005A134 /* AffirmAppUITestsLaunchTests.swift */ = {isa = PBXFileReference; lastKnownFileType = sourcecode.swift; path = AffirmAppUITestsLaunchTests.swift; sourceTree = "<group>"; };
		A3CEE5EA2B27921F0005A134 /* AffirmationModel.swift */ = {isa = PBXFileReference; lastKnownFileType = sourcecode.swift; path = AffirmationModel.swift; sourceTree = "<group>"; };
/* End PBXFileReference section */

/* Begin PBXFrameworksBuildPhase section */
		A3CEE5B22B27894D0005A134 /* Frameworks */ = {
			isa = PBXFrameworksBuildPhase;
			buildActionMask = 2147483647;
			files = (
			);
			runOnlyForDeploymentPostprocessing = 0;
		};
		A3CEE5C72B27894E0005A134 /* Frameworks */ = {
			isa = PBXFrameworksBuildPhase;
			buildActionMask = 2147483647;
			files = (
			);
			runOnlyForDeploymentPostprocessing = 0;
		};
		A3CEE5D12B27894E0005A134 /* Frameworks */ = {
			isa = PBXFrameworksBuildPhase;
			buildActionMask = 2147483647;
			files = (
			);
			runOnlyForDeploymentPostprocessing = 0;
		};
/* End PBXFrameworksBuildPhase section */

/* Begin PBXGroup section */
		A3CEE5AC2B27894D0005A134 = {
			isa = PBXGroup;
			children = (
				A3CEE5B72B27894D0005A134 /* AffirmApp */,
				A3CEE5CD2B27894E0005A134 /* AffirmAppTests */,
				A3CEE5D72B27894E0005A134 /* AffirmAppUITests */,
				A3CEE5B62B27894D0005A134 /* Products */,
			);
			sourceTree = "<group>";
		};
		A3CEE5B62B27894D0005A134 /* Products */ = {
			isa = PBXGroup;
			children = (
				A3CEE5B52B27894D0005A134 /* AffirmApp.app */,
				A3CEE5CA2B27894E0005A134 /* AffirmAppTests.xctest */,
				A3CEE5D42B27894E0005A134 /* AffirmAppUITests.xctest */,
			);
			name = Products;
			sourceTree = "<group>";
		};
		A3CEE5B72B27894D0005A134 /* AffirmApp */ = {
			isa = PBXGroup;
			children = (
				A3CEE5B82B27894D0005A134 /* AffirmAppApp.swift */,
				A3CEE5E92B2791800005A134 /* View Model */,
				A3CEE5E82B2791750005A134 /* Views */,
				A3CEE5E72B27914C0005A134 /* Model */,
				A3CEE5EC2B27982E0005A134 /* Services */,
				A3CEE5BC2B27894E0005A134 /* Assets.xcassets */,
				A3CEE5C32B27894E0005A134 /* AffirmApp.xcdatamodeld */,
				A3CEE5BE2B27894E0005A134 /* Preview Content */,
			);
			path = AffirmApp;
			sourceTree = "<group>";
		};
		A3CEE5BE2B27894E0005A134 /* Preview Content */ = {
			isa = PBXGroup;
			children = (
				A3CEE5BF2B27894E0005A134 /* Preview Assets.xcassets */,
			);
			path = "Preview Content";
			sourceTree = "<group>";
		};
		A3CEE5CD2B27894E0005A134 /* AffirmAppTests */ = {
			isa = PBXGroup;
			children = (
				A3CEE5CE2B27894E0005A134 /* AffirmAppTests.swift */,
			);
			path = AffirmAppTests;
			sourceTree = "<group>";
		};
		A3CEE5D72B27894E0005A134 /* AffirmAppUITests */ = {
			isa = PBXGroup;
			children = (
				A3CEE5D82B27894E0005A134 /* AffirmAppUITests.swift */,
				A3CEE5DA2B27894E0005A134 /* AffirmAppUITestsLaunchTests.swift */,
			);
			path = AffirmAppUITests;
			sourceTree = "<group>";
		};
		A3CEE5E72B27914C0005A134 /* Model */ = {
			isa = PBXGroup;
			children = (
				A3CEE5EA2B27921F0005A134 /* AffirmationModel.swift */,
			);
			path = Model;
			sourceTree = "<group>";
		};
		A3CEE5E82B2791750005A134 /* Views */ = {
			isa = PBXGroup;
			children = (
				A3CEE5BA2B27894D0005A134 /* ContentView.swift */,
			);
			path = Views;
			sourceTree = "<group>";
		};
		A3CEE5E92B2791800005A134 /* View Model */ = {
			isa = PBXGroup;
			children = (
			);
			path = "View Model";
			sourceTree = "<group>";
		};
		A3CEE5EC2B27982E0005A134 /* Services */ = {
			isa = PBXGroup;
			children = (
				A3CEE5C12B27894E0005A134 /* Persistence.swift */,
			);
			path = Services;
			sourceTree = "<group>";
		};
/* End PBXGroup section */

/* Begin PBXNativeTarget section */
		A3CEE5B42B27894D0005A134 /* AffirmApp */ = {
			isa = PBXNativeTarget;
			buildConfigurationList = A3CEE5DE2B27894E0005A134 /* Build configuration list for PBXNativeTarget "AffirmApp" */;
			buildPhases = (
				A3CEE5B12B27894D0005A134 /* Sources */,
				A3CEE5B22B27894D0005A134 /* Frameworks */,
				A3CEE5B32B27894D0005A134 /* Resources */,
			);
			buildRules = (
			);
			dependencies = (
			);
			name = AffirmApp;
			productName = AffirmApp;
			productReference = A3CEE5B52B27894D0005A134 /* AffirmApp.app */;
			productType = "com.apple.product-type.application";
		};
		A3CEE5C92B27894E0005A134 /* AffirmAppTests */ = {
			isa = PBXNativeTarget;
			buildConfigurationList = A3CEE5E12B27894E0005A134 /* Build configuration list for PBXNativeTarget "AffirmAppTests" */;
			buildPhases = (
				A3CEE5C62B27894E0005A134 /* Sources */,
				A3CEE5C72B27894E0005A134 /* Frameworks */,
				A3CEE5C82B27894E0005A134 /* Resources */,
			);
			buildRules = (
			);
			dependencies = (
				A3CEE5CC2B27894E0005A134 /* PBXTargetDependency */,
			);
			name = AffirmAppTests;
			productName = AffirmAppTests;
			productReference = A3CEE5CA2B27894E0005A134 /* AffirmAppTests.xctest */;
			productType = "com.apple.product-type.bundle.unit-test";
		};
		A3CEE5D32B27894E0005A134 /* AffirmAppUITests */ = {
			isa = PBXNativeTarget;
			buildConfigurationList = A3CEE5E42B27894E0005A134 /* Build configuration list for PBXNativeTarget "AffirmAppUITests" */;
			buildPhases = (
				A3CEE5D02B27894E0005A134 /* Sources */,
				A3CEE5D12B27894E0005A134 /* Frameworks */,
				A3CEE5D22B27894E0005A134 /* Resources */,
			);
			buildRules = (
			);
			dependencies = (
				A3CEE5D62B27894E0005A134 /* PBXTargetDependency */,
			);
			name = AffirmAppUITests;
			productName = AffirmAppUITests;
			productReference = A3CEE5D42B27894E0005A134 /* AffirmAppUITests.xctest */;
			productType = "com.apple.product-type.bundle.ui-testing";
		};
/* End PBXNativeTarget section */

/* Begin PBXProject section */
		A3CEE5AD2B27894D0005A134 /* Project object */ = {
			isa = PBXProject;
			attributes = {
				BuildIndependentTargetsInParallel = 1;
				LastSwiftUpdateCheck = 1430;
				LastUpgradeCheck = 1430;
				TargetAttributes = {
					A3CEE5B42B27894D0005A134 = {
						CreatedOnToolsVersion = 14.3.1;
					};
					A3CEE5C92B27894E0005A134 = {
						CreatedOnToolsVersion = 14.3.1;
						TestTargetID = A3CEE5B42B27894D0005A134;
					};
					A3CEE5D32B27894E0005A134 = {
						CreatedOnToolsVersion = 14.3.1;
						TestTargetID = A3CEE5B42B27894D0005A134;
					};
				};
			};
			buildConfigurationList = A3CEE5B02B27894D0005A134 /* Build configuration list for PBXProject "AffirmApp" */;
			compatibilityVersion = "Xcode 14.0";
			developmentRegion = en;
			hasScannedForEncodings = 0;
			knownRegions = (
				en,
				Base,
			);
			mainGroup = A3CEE5AC2B27894D0005A134;
			productRefGroup = A3CEE5B62B27894D0005A134 /* Products */;
			projectDirPath = "";
			projectRoot = "";
			targets = (
				A3CEE5B42B27894D0005A134 /* AffirmApp */,
				A3CEE5C92B27894E0005A134 /* AffirmAppTests */,
				A3CEE5D32B27894E0005A134 /* AffirmAppUITests */,
			);
		};
/* End PBXProject section */

/* Begin PBXResourcesBuildPhase section */
		A3CEE5B32B27894D0005A134 /* Resources */ = {
			isa = PBXResourcesBuildPhase;
			buildActionMask = 2147483647;
			files = (
				A3CEE5C02B27894E0005A134 /* Preview Assets.xcassets in Resources */,
				A3CEE5BD2B27894E0005A134 /* Assets.xcassets in Resources */,
			);
			runOnlyForDeploymentPostprocessing = 0;
		};
		A3CEE5C82B27894E0005A134 /* Resources */ = {
			isa = PBXResourcesBuildPhase;
			buildActionMask = 2147483647;
			files = (
			);
			runOnlyForDeploymentPostprocessing = 0;
		};
		A3CEE5D22B27894E0005A134 /* Resources */ = {
			isa = PBXResourcesBuildPhase;
			buildActionMask = 2147483647;
			files = (
			);
			runOnlyForDeploymentPostprocessing = 0;
		};
/* End PBXResourcesBuildPhase section */

/* Begin PBXSourcesBuildPhase section */
		A3CEE5B12B27894D0005A134 /* Sources */ = {
			isa = PBXSourcesBuildPhase;
			buildActionMask = 2147483647;
			files = (
				A3CEE5C52B27894E0005A134 /* AffirmApp.xcdatamodeld in Sources */,
				A3CEE5C22B27894E0005A134 /* Persistence.swift in Sources */,
				A3CEE5EB2B27921F0005A134 /* AffirmationModel.swift in Sources */,
				A3CEE5BB2B27894D0005A134 /* ContentView.swift in Sources */,
				A3CEE5B92B27894D0005A134 /* AffirmAppApp.swift in Sources */,
			);
			runOnlyForDeploymentPostprocessing = 0;
		};
		A3CEE5C62B27894E0005A134 /* Sources */ = {
			isa = PBXSourcesBuildPhase;
			buildActionMask = 2147483647;
			files = (
				A3CEE5CF2B27894E0005A134 /* AffirmAppTests.swift in Sources */,
			);
			runOnlyForDeploymentPostprocessing = 0;
		};
		A3CEE5D02B27894E0005A134 /* Sources */ = {
			isa = PBXSourcesBuildPhase;
			buildActionMask = 2147483647;
			files = (
				A3CEE5D92B27894E0005A134 /* AffirmAppUITests.swift in Sources */,
				A3CEE5DB2B27894E0005A134 /* AffirmAppUITestsLaunchTests.swift in Sources */,
			);
			runOnlyForDeploymentPostprocessing = 0;
		};
/* End PBXSourcesBuildPhase section */

/* Begin PBXTargetDependency section */
		A3CEE5CC2B27894E0005A134 /* PBXTargetDependency */ = {
			isa = PBXTargetDependency;
			target = A3CEE5B42B27894D0005A134 /* AffirmApp */;
			targetProxy = A3CEE5CB2B27894E0005A134 /* PBXContainerItemProxy */;
		};
		A3CEE5D62B27894E0005A134 /* PBXTargetDependency */ = {
			isa = PBXTargetDependency;
			target = A3CEE5B42B27894D0005A134 /* AffirmApp */;
			targetProxy = A3CEE5D52B27894E0005A134 /* PBXContainerItemProxy */;
		};
/* End PBXTargetDependency section */

/* Begin XCBuildConfiguration section */
		A3CEE5DC2B27894E0005A134 /* Debug */ = {
			isa = XCBuildConfiguration;
			buildSettings = {
				ALWAYS_SEARCH_USER_PATHS = NO;
				CLANG_ANALYZER_NONNULL = YES;
				CLANG_ANALYZER_NUMBER_OBJECT_CONVERSION = YES_AGGRESSIVE;
				CLANG_CXX_LANGUAGE_STANDARD = "gnu++20";
				CLANG_ENABLE_MODULES = YES;
				CLANG_ENABLE_OBJC_ARC = YES;
				CLANG_ENABLE_OBJC_WEAK = YES;
				CLANG_WARN_BLOCK_CAPTURE_AUTORELEASING = YES;
				CLANG_WARN_BOOL_CONVERSION = YES;
				CLANG_WARN_COMMA = YES;
				CLANG_WARN_CONSTANT_CONVERSION = YES;
				CLANG_WARN_DEPRECATED_OBJC_IMPLEMENTATIONS = YES;
				CLANG_WARN_DIRECT_OBJC_ISA_USAGE = YES_ERROR;
				CLANG_WARN_DOCUMENTATION_COMMENTS = YES;
				CLANG_WARN_EMPTY_BODY = YES;
				CLANG_WARN_ENUM_CONVERSION = YES;
				CLANG_WARN_INFINITE_RECURSION = YES;
				CLANG_WARN_INT_CONVERSION = YES;
				CLANG_WARN_NON_LITERAL_NULL_CONVERSION = YES;
				CLANG_WARN_OBJC_IMPLICIT_RETAIN_SELF = YES;
				CLANG_WARN_OBJC_LITERAL_CONVERSION = YES;
				CLANG_WARN_OBJC_ROOT_CLASS = YES_ERROR;
				CLANG_WARN_QUOTED_INCLUDE_IN_FRAMEWORK_HEADER = YES;
				CLANG_WARN_RANGE_LOOP_ANALYSIS = YES;
				CLANG_WARN_STRICT_PROTOTYPES = YES;
				CLANG_WARN_SUSPICIOUS_MOVE = YES;
				CLANG_WARN_UNGUARDED_AVAILABILITY = YES_AGGRESSIVE;
				CLANG_WARN_UNREACHABLE_CODE = YES;
				CLANG_WARN__DUPLICATE_METHOD_MATCH = YES;
				COPY_PHASE_STRIP = NO;
				DEBUG_INFORMATION_FORMAT = dwarf;
				ENABLE_STRICT_OBJC_MSGSEND = YES;
				ENABLE_TESTABILITY = YES;
				GCC_C_LANGUAGE_STANDARD = gnu11;
				GCC_DYNAMIC_NO_PIC = NO;
				GCC_NO_COMMON_BLOCKS = YES;
				GCC_OPTIMIZATION_LEVEL = 0;
				GCC_PREPROCESSOR_DEFINITIONS = (
					"DEBUG=1",
					"$(inherited)",
				);
				GCC_WARN_64_TO_32_BIT_CONVERSION = YES;
				GCC_WARN_ABOUT_RETURN_TYPE = YES_ERROR;
				GCC_WARN_UNDECLARED_SELECTOR = YES;
				GCC_WARN_UNINITIALIZED_AUTOS = YES_AGGRESSIVE;
				GCC_WARN_UNUSED_FUNCTION = YES;
				GCC_WARN_UNUSED_VARIABLE = YES;
				IPHONEOS_DEPLOYMENT_TARGET = 16.4;
				MTL_ENABLE_DEBUG_INFO = INCLUDE_SOURCE;
				MTL_FAST_MATH = YES;
				ONLY_ACTIVE_ARCH = YES;
				SDKROOT = iphoneos;
				SWIFT_ACTIVE_COMPILATION_CONDITIONS = DEBUG;
				SWIFT_OPTIMIZATION_LEVEL = "-Onone";
			};
			name = Debug;
		};
		A3CEE5DD2B27894E0005A134 /* Release */ = {
			isa = XCBuildConfiguration;
			buildSettings = {
				ALWAYS_SEARCH_USER_PATHS = NO;
				CLANG_ANALYZER_NONNULL = YES;
				CLANG_ANALYZER_NUMBER_OBJECT_CONVERSION = YES_AGGRESSIVE;
				CLANG_CXX_LANGUAGE_STANDARD = "gnu++20";
				CLANG_ENABLE_MODULES = YES;
				CLANG_ENABLE_OBJC_ARC = YES;
				CLANG_ENABLE_OBJC_WEAK = YES;
				CLANG_WARN_BLOCK_CAPTURE_AUTORELEASING = YES;
				CLANG_WARN_BOOL_CONVERSION = YES;
				CLANG_WARN_COMMA = YES;
				CLANG_WARN_CONSTANT_CONVERSION = YES;
				CLANG_WARN_DEPRECATED_OBJC_IMPLEMENTATIONS = YES;
				CLANG_WARN_DIRECT_OBJC_ISA_USAGE = YES_ERROR;
				CLANG_WARN_DOCUMENTATION_COMMENTS = YES;
				CLANG_WARN_EMPTY_BODY = YES;
				CLANG_WARN_ENUM_CONVERSION = YES;
				CLANG_WARN_INFINITE_RECURSION = YES;
				CLANG_WARN_INT_CONVERSION = YES;
				CLANG_WARN_NON_LITERAL_NULL_CONVERSION = YES;
				CLANG_WARN_OBJC_IMPLICIT_RETAIN_SELF = YES;
				CLANG_WARN_OBJC_LITERAL_CONVERSION = YES;
				CLANG_WARN_OBJC_ROOT_CLASS = YES_ERROR;
				CLANG_WARN_QUOTED_INCLUDE_IN_FRAMEWORK_HEADER = YES;
				CLANG_WARN_RANGE_LOOP_ANALYSIS = YES;
				CLANG_WARN_STRICT_PROTOTYPES = YES;
				CLANG_WARN_SUSPICIOUS_MOVE = YES;
				CLANG_WARN_UNGUARDED_AVAILABILITY = YES_AGGRESSIVE;
				CLANG_WARN_UNREACHABLE_CODE = YES;
				CLANG_WARN__DUPLICATE_METHOD_MATCH = YES;
				COPY_PHASE_STRIP = NO;
				DEBUG_INFORMATION_FORMAT = "dwarf-with-dsym";
				ENABLE_NS_ASSERTIONS = NO;
				ENABLE_STRICT_OBJC_MSGSEND = YES;
				GCC_C_LANGUAGE_STANDARD = gnu11;
				GCC_NO_COMMON_BLOCKS = YES;
				GCC_WARN_64_TO_32_BIT_CONVERSION = YES;
				GCC_WARN_ABOUT_RETURN_TYPE = YES_ERROR;
				GCC_WARN_UNDECLARED_SELECTOR = YES;
				GCC_WARN_UNINITIALIZED_AUTOS = YES_AGGRESSIVE;
				GCC_WARN_UNUSED_FUNCTION = YES;
				GCC_WARN_UNUSED_VARIABLE = YES;
				IPHONEOS_DEPLOYMENT_TARGET = 16.4;
				MTL_ENABLE_DEBUG_INFO = NO;
				MTL_FAST_MATH = YES;
				SDKROOT = iphoneos;
				SWIFT_COMPILATION_MODE = wholemodule;
				SWIFT_OPTIMIZATION_LEVEL = "-O";
				VALIDATE_PRODUCT = YES;
			};
			name = Release;
		};
		A3CEE5DF2B27894E0005A134 /* Debug */ = {
			isa = XCBuildConfiguration;
			buildSettings = {
				ASSETCATALOG_COMPILER_APPICON_NAME = AppIcon;
				ASSETCATALOG_COMPILER_GLOBAL_ACCENT_COLOR_NAME = AccentColor;
				CODE_SIGN_STYLE = Automatic;
				CURRENT_PROJECT_VERSION = 1;
				DEVELOPMENT_ASSET_PATHS = "\"AffirmApp/Preview Content\"";
				DEVELOPMENT_TEAM = SJA6ZA7RX4;
				ENABLE_PREVIEWS = YES;
				GENERATE_INFOPLIST_FILE = YES;
				INFOPLIST_KEY_UIApplicationSceneManifest_Generation = YES;
				INFOPLIST_KEY_UIApplicationSupportsIndirectInputEvents = YES;
				INFOPLIST_KEY_UILaunchScreen_Generation = YES;
				INFOPLIST_KEY_UISupportedInterfaceOrientations_iPad = "UIInterfaceOrientationPortrait UIInterfaceOrientationPortraitUpsideDown UIInterfaceOrientationLandscapeLeft UIInterfaceOrientationLandscapeRight";
				INFOPLIST_KEY_UISupportedInterfaceOrientations_iPhone = "UIInterfaceOrientationPortrait UIInterfaceOrientationLandscapeLeft UIInterfaceOrientationLandscapeRight";
				LD_RUNPATH_SEARCH_PATHS = (
					"$(inherited)",
					"@executable_path/Frameworks",
				);
				MARKETING_VERSION = 1.0;
				PRODUCT_BUNDLE_IDENTIFIER = com.jalama.AffirmApp;
				PRODUCT_NAME = "$(TARGET_NAME)";
				SWIFT_EMIT_LOC_STRINGS = YES;
				SWIFT_VERSION = 5.0;
				TARGETED_DEVICE_FAMILY = "1,2";
			};
			name = Debug;
		};
		A3CEE5E02B27894E0005A134 /* Release */ = {
			isa = XCBuildConfiguration;
			buildSettings = {
				ASSETCATALOG_COMPILER_APPICON_NAME = AppIcon;
				ASSETCATALOG_COMPILER_GLOBAL_ACCENT_COLOR_NAME = AccentColor;
				CODE_SIGN_STYLE = Automatic;
				CURRENT_PROJECT_VERSION = 1;
				DEVELOPMENT_ASSET_PATHS = "\"AffirmApp/Preview Content\"";
				DEVELOPMENT_TEAM = SJA6ZA7RX4;
				ENABLE_PREVIEWS = YES;
				GENERATE_INFOPLIST_FILE = YES;
				INFOPLIST_KEY_UIApplicationSceneManifest_Generation = YES;
				INFOPLIST_KEY_UIApplicationSupportsIndirectInputEvents = YES;
				INFOPLIST_KEY_UILaunchScreen_Generation = YES;
				INFOPLIST_KEY_UISupportedInterfaceOrientations_iPad = "UIInterfaceOrientationPortrait UIInterfaceOrientationPortraitUpsideDown UIInterfaceOrientationLandscapeLeft UIInterfaceOrientationLandscapeRight";
				INFOPLIST_KEY_UISupportedInterfaceOrientations_iPhone = "UIInterfaceOrientationPortrait UIInterfaceOrientationLandscapeLeft UIInterfaceOrientationLandscapeRight";
				LD_RUNPATH_SEARCH_PATHS = (
					"$(inherited)",
					"@executable_path/Frameworks",
				);
				MARKETING_VERSION = 1.0;
				PRODUCT_BUNDLE_IDENTIFIER = com.jalama.AffirmApp;
				PRODUCT_NAME = "$(TARGET_NAME)";
				SWIFT_EMIT_LOC_STRINGS = YES;
				SWIFT_VERSION = 5.0;
				TARGETED_DEVICE_FAMILY = "1,2";
			};
			name = Release;
		};
		A3CEE5E22B27894E0005A134 /* Debug */ = {
			isa = XCBuildConfiguration;
			buildSettings = {
				ALWAYS_EMBED_SWIFT_STANDARD_LIBRARIES = YES;
				BUNDLE_LOADER = "$(TEST_HOST)";
				CODE_SIGN_STYLE = Automatic;
				CURRENT_PROJECT_VERSION = 1;
				DEVELOPMENT_TEAM = SJA6ZA7RX4;
				GENERATE_INFOPLIST_FILE = YES;
				IPHONEOS_DEPLOYMENT_TARGET = 16.4;
				MARKETING_VERSION = 1.0;
				PRODUCT_BUNDLE_IDENTIFIER = com.jalama.AffirmAppTests;
				PRODUCT_NAME = "$(TARGET_NAME)";
				SWIFT_EMIT_LOC_STRINGS = NO;
				SWIFT_VERSION = 5.0;
				TARGETED_DEVICE_FAMILY = "1,2";
				TEST_HOST = "$(BUILT_PRODUCTS_DIR)/AffirmApp.app/$(BUNDLE_EXECUTABLE_FOLDER_PATH)/AffirmApp";
			};
			name = Debug;
		};
		A3CEE5E32B27894E0005A134 /* Release */ = {
			isa = XCBuildConfiguration;
			buildSettings = {
				ALWAYS_EMBED_SWIFT_STANDARD_LIBRARIES = YES;
				BUNDLE_LOADER = "$(TEST_HOST)";
				CODE_SIGN_STYLE = Automatic;
				CURRENT_PROJECT_VERSION = 1;
				DEVELOPMENT_TEAM = SJA6ZA7RX4;
				GENERATE_INFOPLIST_FILE = YES;
				IPHONEOS_DEPLOYMENT_TARGET = 16.4;
				MARKETING_VERSION = 1.0;
				PRODUCT_BUNDLE_IDENTIFIER = com.jalama.AffirmAppTests;
				PRODUCT_NAME = "$(TARGET_NAME)";
				SWIFT_EMIT_LOC_STRINGS = NO;
				SWIFT_VERSION = 5.0;
				TARGETED_DEVICE_FAMILY = "1,2";
				TEST_HOST = "$(BUILT_PRODUCTS_DIR)/AffirmApp.app/$(BUNDLE_EXECUTABLE_FOLDER_PATH)/AffirmApp";
			};
			name = Release;
		};
		A3CEE5E52B27894E0005A134 /* Debug */ = {
			isa = XCBuildConfiguration;
			buildSettings = {
				ALWAYS_EMBED_SWIFT_STANDARD_LIBRARIES = YES;
				CODE_SIGN_STYLE = Automatic;
				CURRENT_PROJECT_VERSION = 1;
				DEVELOPMENT_TEAM = SJA6ZA7RX4;
				GENERATE_INFOPLIST_FILE = YES;
				MARKETING_VERSION = 1.0;
				PRODUCT_BUNDLE_IDENTIFIER = com.jalama.AffirmAppUITests;
				PRODUCT_NAME = "$(TARGET_NAME)";
				SWIFT_EMIT_LOC_STRINGS = NO;
				SWIFT_VERSION = 5.0;
				TARGETED_DEVICE_FAMILY = "1,2";
				TEST_TARGET_NAME = AffirmApp;
			};
			name = Debug;
		};
		A3CEE5E62B27894E0005A134 /* Release */ = {
			isa = XCBuildConfiguration;
			buildSettings = {
				ALWAYS_EMBED_SWIFT_STANDARD_LIBRARIES = YES;
				CODE_SIGN_STYLE = Automatic;
				CURRENT_PROJECT_VERSION = 1;
				DEVELOPMENT_TEAM = SJA6ZA7RX4;
				GENERATE_INFOPLIST_FILE = YES;
				MARKETING_VERSION = 1.0;
				PRODUCT_BUNDLE_IDENTIFIER = com.jalama.AffirmAppUITests;
				PRODUCT_NAME = "$(TARGET_NAME)";
				SWIFT_EMIT_LOC_STRINGS = NO;
				SWIFT_VERSION = 5.0;
				TARGETED_DEVICE_FAMILY = "1,2";
				TEST_TARGET_NAME = AffirmApp;
			};
			name = Release;
		};
/* End XCBuildConfiguration section */

/* Begin XCConfigurationList section */
		A3CEE5B02B27894D0005A134 /* Build configuration list for PBXProject "AffirmApp" */ = {
			isa = XCConfigurationList;
			buildConfigurations = (
				A3CEE5DC2B27894E0005A134 /* Debug */,
				A3CEE5DD2B27894E0005A134 /* Release */,
			);
			defaultConfigurationIsVisible = 0;
			defaultConfigurationName = Release;
		};
		A3CEE5DE2B27894E0005A134 /* Build configuration list for PBXNativeTarget "AffirmApp" */ = {
			isa = XCConfigurationList;
			buildConfigurations = (
				A3CEE5DF2B27894E0005A134 /* Debug */,
				A3CEE5E02B27894E0005A134 /* Release */,
			);
			defaultConfigurationIsVisible = 0;
			defaultConfigurationName = Release;
		};
		A3CEE5E12B27894E0005A134 /* Build configuration list for PBXNativeTarget "AffirmAppTests" */ = {
			isa = XCConfigurationList;
			buildConfigurations = (
				A3CEE5E22B27894E0005A134 /* Debug */,
				A3CEE5E32B27894E0005A134 /* Release */,
			);
			defaultConfigurationIsVisible = 0;
			defaultConfigurationName = Release;
		};
		A3CEE5E42B27894E0005A134 /* Build configuration list for PBXNativeTarget "AffirmAppUITests" */ = {
			isa = XCConfigurationList;
			buildConfigurations = (
				A3CEE5E52B27894E0005A134 /* Debug */,
				A3CEE5E62B27894E0005A134 /* Release */,
			);
			defaultConfigurationIsVisible = 0;
			defaultConfigurationName = Release;
		};
/* End XCConfigurationList section */

/* Begin XCVersionGroup section */
		A3CEE5C32B27894E0005A134 /* AffirmApp.xcdatamodeld */ = {
			isa = XCVersionGroup;
			children = (
				A3CEE5C42B27894E0005A134 /* AffirmApp.xcdatamodel */,
			);
			currentVersion = A3CEE5C42B27894E0005A134 /* AffirmApp.xcdatamodel */;
			path = AffirmApp.xcdatamodeld;
			sourceTree = "<group>";
			versionGroupType = wrapper.xcdatamodel;
		};
/* End XCVersionGroup section */
	};
	rootObject = A3CEE5AD2B27894D0005A134 /* Project object */;
}
